
Microsoft Visual Studio Solution File, Format Version 12.00
# Visual Studio Version 17
VisualStudioVersion = 17.9.34723.18
MinimumVisualStudioVersion = 10.0.40219.1
Project("{FAE04EC0-301F-11D3-BF4B-00C04F79EFBC}") = "Lisform", "Lisform\Lisform.csproj", "{95C28800-E26B-4225-97FF-054EC90CCD77}"
EndProject
Global
	GlobalSection(SolutionConfigurationPlatforms) = preSolution
		Debug|Any CPU = Debug|Any CPU
		Release|Any CPU = Release|Any CPU
	EndGlobalSection
	GlobalSection(ProjectConfigurationPlatforms) = postSolution
		{95C28800-E26B-4225-97FF-054EC90CCD77}.Debug|Any CPU.ActiveCfg = Debug|Any CPU
		{95C28800-E26B-4225-97FF-054EC90CCD77}.Debug|Any CPU.Build.0 = Debug|Any CPU
		{95C28800-E26B-4225-97FF-054EC90CCD77}.Release|Any CPU.ActiveCfg = Release|Any CPU
		{95C28800-E26B-4225-97FF-054EC90CCD77}.Release|Any CPU.Build.0 = Release|Any CPU
	EndGlobalSection
	GlobalSection(SolutionProperties) = preSolution
		HideSolutionNode = FALSE
	EndGlobalSection
	GlobalSection(ExtensibilityGlobals) = postSolution
		SolutionGuid = {597DC388-90F4-4336-9515-7D5D3793FD32}
	EndGlobalSection
EndGlobal
